<?xml version="1.0" encoding="utf-8"?>
<Project ToolsVersion="4.0" xmlns="http://schemas.microsoft.com/developer/msbuild/2003">
  <ItemGroup>
    <Filter Include="Source Files">
      <UniqueIdentifier>{4FC737F1-C7A5-4376-A066-2A32D752A2FF}</UniqueIdentifier>
      <Extensions>cpp;c;cc;cxx;c++;cppm;ixx;def;odl;idl;hpj;bat;asm;asmx</Extensions>
    </Filter>
    <Filter Include="Header Files">
      <UniqueIdentifier>{93995380-89BD-4b04-88EB-625FBE52EBFB}</UniqueIdentifier>
      <Extensions>h;hh;hpp;hxx;h++;hm;inl;inc;ipp;xsd</Extensions>
    </Filter>
    <Filter Include="Resource Files">
      <UniqueIdentifier>{67DA6AB6-F800-4c08-8B7A-83BB121AAD01}</UniqueIdentifier>
      <Extensions>rc;ico;cur;bmp;dlg;rc2;rct;bin;rgs;gif;jpg;jpeg;jpe;resx;tiff;tif;png;wav;mfcribbon-ms</Extensions>
    </Filter>
  </ItemGroup>
  <ItemGroup>
    <ClCompile Include="src\core\framework\environment\environment.cpp">
      <Filter>Source Files</Filter>
    </ClCompile>
    <ClCompile Include="src\core\framework\execution\execution.cpp">
      <Filter>Source Files</Filter>
    </ClCompile>
    <ClCompile Include="src\core\roblox\task_scheduler\task_scheduler.cpp">
      <Filter>Source Files</Filter>
    </ClCompile>
    <ClCompile Include="src\core\roblox\tp_handler\tp_handler.cpp">
      <Filter>Source Files</Filter>
    </ClCompile>
    <ClCompile Include="src\core\core.cpp">
      <Filter>Source Files</Filter>
    </ClCompile>
    <ClCompile Include="src\miscellaneous\utility\server\server.cpp">
      <Filter>Source Files</Filter>
    </ClCompile>
    <ClCompile Include="dependencies\oxorany\src\oxorany.cpp">
      <Filter>Source Files</Filter>
    </ClCompile>
    <ClCompile Include="dependencies\luau\Ast\src\Allocator.cpp">
      <Filter>Source Files</Filter>
    </ClCompile>
    <ClCompile Include="dependencies\luau\Ast\src\Ast.cpp">
      <Filter>Source Files</Filter>
    </ClCompile>
    <ClCompile Include="dependencies\luau\Ast\src\Confusables.cpp">
      <Filter>Source Files</Filter>
    </ClCompile>
    <ClCompile Include="dependencies\luau\Ast\src\Cst.cpp">
      <Filter>Source Files</Filter>
    </ClCompile>
    <ClCompile Include="dependencies\luau\Ast\src\Lexer.cpp">
      <Filter>Source Files</Filter>
    </ClCompile>
    <ClCompile Include="dependencies\luau\Ast\src\Location.cpp">
      <Filter>Source Files</Filter>
    </ClCompile>
    <ClCompile Include="dependencies\luau\Ast\src\Parser.cpp">
      <Filter>Source Files</Filter>
    </ClCompile>
    <ClCompile Include="dependencies\luau\Ast\src\PrettyPrinter.cpp">
      <Filter>Source Files</Filter>
    </ClCompile>
    <ClCompile Include="dependencies\luau\Bytecode\src\BytecodeBuilder.cpp">
      <Filter>Source Files</Filter>
    </ClCompile>
    <ClCompile Include="dependencies\luau\Bytecode\src\BytecodeGraph.cpp">
      <Filter>Source Files</Filter>
    </ClCompile>
    <ClCompile Include="dependencies\luau\Common\src\BytecodeWire.cpp">
      <Filter>Source Files</Filter>
    </ClCompile>
    <ClCompile Include="dependencies\luau\Common\src\StringUtils.cpp">
      <Filter>Source Files</Filter>
    </ClCompile>
    <ClCompile Include="dependencies\luau\Common\src\TimeTrace.cpp">
      <Filter>Source Files</Filter>
    </ClCompile>
    <ClCompile Include="dependencies\luau\Compiler\src\BuiltinFolding.cpp">
      <Filter>Source Files</Filter>
    </ClCompile>
    <ClCompile Include="dependencies\luau\Compiler\src\Builtins.cpp">
      <Filter>Source Files</Filter>
    </ClCompile>
    <ClCompile Include="dependencies\luau\Compiler\src\Compiler.cpp">
      <Filter>Source Files</Filter>
    </ClCompile>
    <ClCompile Include="dependencies\luau\Compiler\src\ConstantFolding.cpp">
      <Filter>Source Files</Filter>
    </ClCompile>
    <ClCompile Include="dependencies\luau\Compiler\src\CostModel.cpp">
      <Filter>Source Files</Filter>
    </ClCompile>
    <ClCompile Include="dependencies\luau\Compiler\src\lcode.cpp">
      <Filter>Source Files</Filter>
    </ClCompile>
    <ClCompile Include="dependencies\luau\Compiler\src\TableShape.cpp">
      <Filter>Source Files</Filter>
    </ClCompile>
    <ClCompile Include="dependencies\luau\Compiler\src\Types.cpp">
      <Filter>Source Files</Filter>
    </ClCompile>
    <ClCompile Include="dependencies\luau\Compiler\src\ValueTracking.cpp">
      <Filter>Source Files</Filter>
    </ClCompile>
    <ClCompile Include="dependencies\luau\VM\src\lapi.cpp">
      <Filter>Source Files</Filter>
    </ClCompile>
    <ClCompile Include="dependencies\luau\VM\src\laux.cpp">
      <Filter>Source Files</Filter>
    </ClCompile>
    <ClCompile Include="dependencies\luau\VM\src\lbaselib.cpp">
      <Filter>Source Files</Filter>
    </ClCompile>
    <ClCompile Include="dependencies\luau\VM\src\lbitlib.cpp">
      <Filter>Source Files</Filter>
    </ClCompile>
    <ClCompile Include="dependencies\luau\VM\src\lbuffer.cpp">
      <Filter>Source Files</Filter>
    </ClCompile>
    <ClCompile Include="dependencies\luau\VM\src\lbuflib.cpp">
      <Filter>Source Files</Filter>
    </ClCompile>
    <ClCompile Include="dependencies\luau\VM\src\lbuiltins.cpp">
      <Filter>Source Files</Filter>
    </ClCompile>
    <ClCompile Include="dependencies\luau\VM\src\lclass.cpp">
      <Filter>Source Files</Filter>
    </ClCompile>
    <ClCompile Include="dependencies\luau\VM\src\lclasslib.cpp">
      <Filter>Source Files</Filter>
    </ClCompile>
    <ClCompile Include="dependencies\luau\VM\src\lcorolib.cpp">
      <Filter>Source Files</Filter>
    </ClCompile>
    <ClCompile Include="dependencies\luau\VM\src\ldblib.cpp">
      <Filter>Source Files</Filter>
    </ClCompile>
    <ClCompile Include="dependencies\luau\VM\src\ldebug.cpp">
      <Filter>Source Files</Filter>
    </ClCompile>
    <ClCompile Include="dependencies\luau\VM\src\ldo.cpp">
      <Filter>Source Files</Filter>
    </ClCompile>
    <ClCompile Include="dependencies\luau\VM\src\lfunc.cpp">
      <Filter>Source Files</Filter>
    </ClCompile>
    <ClCompile Include="dependencies\luau\VM\src\lgc.cpp">
      <Filter>Source Files</Filter>
    </ClCompile>
    <ClCompile Include="dependencies\luau\VM\src\lgcdebug.cpp">
      <Filter>Source Files</Filter>
    </ClCompile>
    <ClCompile Include="dependencies\luau\VM\src\linit.cpp">
      <Filter>Source Files</Filter>
    </ClCompile>
    <ClCompile Include="dependencies\luau\VM\src\lintlib.cpp">
      <Filter>Source Files</Filter>
    </ClCompile>
    <ClCompile Include="dependencies\luau\VM\src\lmathlib.cpp">
      <Filter>Source Files</Filter>
    </ClCompile>
    <ClCompile Include="dependencies\luau\VM\src\lmem.cpp">
      <Filter>Source Files</Filter>
    </ClCompile>
    <ClCompile Include="dependencies\luau\VM\src\lnumprint.cpp">
      <Filter>Source Files</Filter>
    </ClCompile>
    <ClCompile Include="dependencies\luau\VM\src\lobject.cpp">
      <Filter>Source Files</Filter>
    </ClCompile>
    <ClCompile Include="dependencies\luau\VM\src\loslib.cpp">
      <Filter>Source Files</Filter>
    </ClCompile>
    <ClCompile Include="dependencies\luau\VM\src\lperf.cpp">
      <Filter>Source Files</Filter>
    </ClCompile>
    <ClCompile Include="dependencies\luau\VM\src\lstate.cpp">
      <Filter>Source Files</Filter>
    </ClCompile>
    <ClCompile Include="dependencies\luau\VM\src\lstring.cpp">
      <Filter>Source Files</Filter>
    </ClCompile>
    <ClCompile Include="dependencies\luau\VM\src\lstrlib.cpp">
      <Filter>Source Files</Filter>
    </ClCompile>
    <ClCompile Include="dependencies\luau\VM\src\ltable.cpp">
      <Filter>Source Files</Filter>
    </ClCompile>
    <ClCompile Include="dependencies\luau\VM\src\ltablib.cpp">
      <Filter>Source Files</Filter>
    </ClCompile>
    <ClCompile Include="dependencies\luau\VM\src\ltm.cpp">
      <Filter>Source Files</Filter>
    </ClCompile>
    <ClCompile Include="dependencies\luau\VM\src\ludata.cpp">
      <Filter>Source Files</Filter>
    </ClCompile>
    <ClCompile Include="dependencies\luau\VM\src\lutf8lib.cpp">
      <Filter>Source Files</Filter>
    </ClCompile>
    <ClCompile Include="dependencies\luau\VM\src\lveclib.cpp">
      <Filter>Source Files</Filter>
    </ClCompile>
    <ClCompile Include="dependencies\luau\VM\src\lvmexecute.cpp">
      <Filter>Source Files</Filter>
    </ClCompile>
    <ClCompile Include="dependencies\luau\VM\src\lvmload.cpp">
      <Filter>Source Files</Filter>
    </ClCompile>
    <ClCompile Include="dependencies\luau\VM\src\lvmutils.cpp">
      <Filter>Source Files</Filter>
    </ClCompile>
    <ClCompile Include="src\core\framework\environment\libraries\http\http.cpp">
      <Filter>Source Files</Filter>
    </ClCompile>
    <ClCompile Include="src\core\framework\environment\libraries\miscellaneous\miscellaneous.cpp">
      <Filter>Source Files</Filter>
    </ClCompile>
    <ClCompile Include="src\core\framework\environment\libraries\scripts\scripts.cpp">
      <Filter>Source Files</Filter>
    </ClCompile>
    <ClCompile Include="src\core\framework\environment\hooks\hooks.cpp">
      <Filter>Source Files</Filter>
    </ClCompile>
    <ClCompile Include="src\core\framework\environment\libraries\closure\closure.cpp">
      <Filter>Source Files</Filter>
    </ClCompile>
    <ClCompile Include="src\miscellaneous\managers\datamodel\datamodel.cpp">
      <Filter>Source Files</Filter>
    </ClCompile>
    <ClCompile Include="src\miscellaneous\managers\datamodel\script_context\script_context.cpp">
      <Filter>Source Files</Filter>
    </ClCompile>
    <ClCompile Include="src\miscellaneous\managers\jobs\jobs.cpp">
      <Filter>Source Files</Filter>
    </ClCompile>
  </ItemGroup>
  <ItemGroup>
    <ClInclude Include="src\core\framework\environment\environment.h">
      <Filter>Header Files</Filter>
    </ClInclude>
    <ClInclude Include="src\core\framework\execution\execution.h">
      <Filter>Header Files</Filter>
    </ClInclude>
    <ClInclude Include="src\core\roblox\roblox.h">
      <Filter>Header Files</Filter>
    </ClInclude>
    <ClInclude Include="src\core\roblox\luau.h">
      <Filter>Header Files</Filter>
    </ClInclude>
    <ClInclude Include="src\core\roblox\task_scheduler\task_scheduler.h">
      <Filter>Header Files</Filter>
    </ClInclude>
    <ClInclude Include="src\miscellaneous\utility\helpers\encs.h">
      <Filter>Header Files</Filter>
    </ClInclude>
    <ClInclude Include="src\core\roblox\tp_handler\tp_handler.h">
      <Filter>Header Files</Filter>
    </ClInclude>
    <ClInclude Include="src\miscellaneous\utility\json\json.h">
      <Filter>Header Files</Filter>
    </ClInclude>
    <ClInclude Include="src\core\core.h">
      <Filter>Header Files</Filter>
    </ClInclude>
    <ClInclude Include="src\miscellaneous\utility\server\server.h">
      <Filter>Header Files</Filter>
    </ClInclude>
    <ClInclude Include="src\miscellaneous\utility\helpers\globals.h">
      <Filter>Header Files</Filter>
    </ClInclude>
    <ClInclude Include="dependencies\oxorany\include\oxorany\oxorany.h">
      <Filter>Header Files</Filter>
    </ClInclude>
    <ClInclude Include="dependencies\sol\include\sol\compatibility\compat-5.3.c.h">
      <Filter>Header Files</Filter>
    </ClInclude>
    <ClInclude Include="dependencies\sol\include\sol\compatibility\compat-5.3.h">
      <Filter>Header Files</Filter>
    </ClInclude>
    <ClInclude Include="dependencies\sol\include\sol\compatibility\compat-5.4.h">
      <Filter>Header Files</Filter>
    </ClInclude>
    <ClInclude Include="dependencies\sol\include\sol\compatibility\lua_version.hpp">
      <Filter>Header Files</Filter>
    </ClInclude>
    <ClInclude Include="dependencies\sol\include\sol\detail\build_version.hpp">
      <Filter>Header Files</Filter>
    </ClInclude>
    <ClInclude Include="dependencies\sol\include\sol\stack\detail\pairs.hpp">
      <Filter>Header Files</Filter>
    </ClInclude>
    <ClInclude Include="dependencies\sol\include\sol\utility\is_integer.hpp">
      <Filter>Header Files</Filter>
    </ClInclude>
    <ClInclude Include="dependencies\sol\include\sol\utility\to_string.hpp">
      <Filter>Header Files</Filter>
    </ClInclude>
    <ClInclude Include="dependencies\sol\include\sol\as_args.hpp">
      <Filter>Header Files</Filter>
    </ClInclude>
    <ClInclude Include="dependencies\sol\include\sol\as_returns.hpp">
      <Filter>Header Files</Filter>
    </ClInclude>
    <ClInclude Include="dependencies\sol\include\sol\assert.hpp">
      <Filter>Header Files</Filter>
    </ClInclude>
    <ClInclude Include="dependencies\sol\include\sol\base_traits.hpp">
      <Filter>Header Files</Filter>
    </ClInclude>
    <ClInclude Include="dependencies\sol\include\sol\bind_traits.hpp">
      <Filter>Header Files</Filter>
    </ClInclude>
    <ClInclude Include="dependencies\sol\include\sol\bytecode.hpp">
      <Filter>Header Files</Filter>
    </ClInclude>
    <ClInclude Include="dependencies\sol\include\sol\call.hpp">
      <Filter>Header Files</Filter>
    </ClInclude>
    <ClInclude Include="dependencies\sol\include\sol\compatibility.hpp">
      <Filter>Header Files</Filter>
    </ClInclude>
    <ClInclude Include="dependencies\sol\include\sol\config.hpp">
      <Filter>Header Files</Filter>
    </ClInclude>
    <ClInclude Include="dependencies\sol\include\sol\coroutine.hpp">
      <Filter>Header Files</Filter>
    </ClInclude>
    <ClInclude Include="dependencies\sol\include\sol\debug.hpp">
      <Filter>Header Files</Filter>
    </ClInclude>
    <ClInclude Include="dependencies\sol\include\sol\demangle.hpp">
      <Filter>Header Files</Filter>
    </ClInclude>
    <ClInclude Include="dependencies\sol\include\sol\deprecate.hpp">
      <Filter>Header Files</Filter>
    </ClInclude>
    <ClInclude Include="dependencies\sol\include\sol\dump_handler.hpp">
      <Filter>Header Files</Filter>
    </ClInclude>
    <ClInclude Include="dependencies\sol\include\sol\ebco.hpp">
      <Filter>Header Files</Filter>
    </ClInclude>
    <ClInclude Include="dependencies\sol\include\sol\environment.hpp">
      <Filter>Header Files</Filter>
    </ClInclude>
    <ClInclude Include="dependencies\sol\include\sol\epilogue.hpp">
      <Filter>Header Files</Filter>
    </ClInclude>
    <ClInclude Include="dependencies\sol\include\sol\error.hpp">
      <Filter>Header Files</Filter>
    </ClInclude>
    <ClInclude Include="dependencies\sol\include\sol\error_handler.hpp">
      <Filter>Header Files</Filter>
    </ClInclude>
    <ClInclude Include="dependencies\sol\include\sol\forward.hpp">
      <Filter>Header Files</Filter>
    </ClInclude>
    <ClInclude Include="dependencies\sol\include\sol\forward_detail.hpp">
      <Filter>Header Files</Filter>
    </ClInclude>
    <ClInclude Include="dependencies\sol\include\sol\function.hpp">
      <Filter>Header Files</Filter>
    </ClInclude>
    <ClInclude Include="dependencies\sol\include\sol\function_result.hpp">
      <Filter>Header Files</Filter>
    </ClInclude>
    <ClInclude Include="dependencies\sol\include\sol\function_types.hpp">
      <Filter>Header Files</Filter>
    </ClInclude>
    <ClInclude Include="dependencies\sol\include\sol\function_types_core.hpp">
      <Filter>Header Files</Filter>
    </ClInclude>
    <ClInclude Include="dependencies\sol\include\sol\function_types_overloaded.hpp">
      <Filter>Header Files</Filter>
    </ClInclude>
    <ClInclude Include="dependencies\sol\include\sol\function_types_stateful.hpp">
      <Filter>Header Files</Filter>
    </ClInclude>
    <ClInclude Include="dependencies\sol\include\sol\function_types_stateless.hpp">
      <Filter>Header Files</Filter>
    </ClInclude>
    <ClInclude Include="dependencies\sol\include\sol\function_types_templated.hpp">
      <Filter>Header Files</Filter>
    </ClInclude>
    <ClInclude Include="dependencies\sol\include\sol\in_place.hpp">
      <Filter>Header Files</Filter>
    </ClInclude>
    <ClInclude Include="dependencies\sol\include\sol\inheritance.hpp">
      <Filter>Header Files</Filter>
    </ClInclude>
    <ClInclude Include="dependencies\sol\include\sol\load_result.hpp">
      <Filter>Header Files</Filter>
    </ClInclude>
    <ClInclude Include="dependencies\sol\include\sol\lua_table.hpp">
      <Filter>Header Files</Filter>
    </ClInclude>
    <ClInclude Include="dependencies\sol\include\sol\lua_value.hpp">
      <Filter>Header Files</Filter>
    </ClInclude>
    <ClInclude Include="dependencies\sol\include\sol\make_reference.hpp">
      <Filter>Header Files</Filter>
    </ClInclude>
    <ClInclude Include="dependencies\sol\include\sol\metatable.hpp">
      <Filter>Header Files</Filter>
    </ClInclude>
    <ClInclude Include="dependencies\sol\include\sol\object.hpp">
      <Filter>Header Files</Filter>
    </ClInclude>
    <ClInclude Include="dependencies\sol\include\sol\object_base.hpp">
      <Filter>Header Files</Filter>
    </ClInclude>
    <ClInclude Include="dependencies\sol\include\sol\optional.hpp">
      <Filter>Header Files</Filter>
    </ClInclude>
    <ClInclude Include="dependencies\sol\include\sol\optional_implementation.hpp">
      <Filter>Header Files</Filter>
    </ClInclude>
    <ClInclude Include="dependencies\sol\include\sol\overload.hpp">
      <Filter>Header Files</Filter>
    </ClInclude>
    <ClInclude Include="dependencies\sol\include\sol\packaged_coroutine.hpp">
      <Filter>Header Files</Filter>
    </ClInclude>
    <ClInclude Include="dependencies\sol\include\sol\pairs_iterator.hpp">
      <Filter>Header Files</Filter>
    </ClInclude>
    <ClInclude Include="dependencies\sol\include\sol\pointer_like.hpp">
      <Filter>Header Files</Filter>
    </ClInclude>
    <ClInclude Include="dependencies\sol\include\sol\policies.hpp">
      <Filter>Header Files</Filter>
    </ClInclude>
    <ClInclude Include="dependencies\sol\include\sol\prologue.hpp">
      <Filter>Header Files</Filter>
    </ClInclude>
    <ClInclude Include="dependencies\sol\include\sol\property.hpp">
      <Filter>Header Files</Filter>
    </ClInclude>
    <ClInclude Include="dependencies\sol\include\sol\protect.hpp">
      <Filter>Header Files</Filter>
    </ClInclude>
    <ClInclude Include="dependencies\sol\include\sol\protected_function.hpp">
      <Filter>Header Files</Filter>
    </ClInclude>
    <ClInclude Include="dependencies\sol\include\sol\protected_function_result.hpp">
      <Filter>Header Files</Filter>
    </ClInclude>
    <ClInclude Include="dependencies\sol\include\sol\protected_handler.hpp">
      <Filter>Header Files</Filter>
    </ClInclude>
    <ClInclude Include="dependencies\sol\include\sol\proxy_base.hpp">
      <Filter>Header Files</Filter>
    </ClInclude>
    <ClInclude Include="dependencies\sol\include\sol\raii.hpp">
      <Filter>Header Files</Filter>
    </ClInclude>
    <ClInclude Include="dependencies\sol\include\sol\reference.hpp">
      <Filter>Header Files</Filter>
    </ClInclude>
    <ClInclude Include="dependencies\sol\include\sol\resolve.hpp">
      <Filter>Header Files</Filter>
    </ClInclude>
    <ClInclude Include="dependencies\sol\include\sol\sol.hpp">
      <Filter>Header Files</Filter>
    </ClInclude>
    <ClInclude Include="dependencies\sol\include\sol\stack.hpp">
      <Filter>Header Files</Filter>
    </ClInclude>
    <ClInclude Include="dependencies\sol\include\sol\stack_check.hpp">
      <Filter>Header Files</Filter>
    </ClInclude>
    <ClInclude Include="dependencies\sol\include\sol\stack_check_get.hpp">
      <Filter>Header Files</Filter>
    </ClInclude>
    <ClInclude Include="dependencies\sol\include\sol\stack_check_get_qualified.hpp">
      <Filter>Header Files</Filter>
    </ClInclude>
    <ClInclude Include="dependencies\sol\include\sol\stack_check_get_unqualified.hpp">
      <Filter>Header Files</Filter>
    </ClInclude>
    <ClInclude Include="dependencies\sol\include\sol\stack_check_qualified.hpp">
      <Filter>Header Files</Filter>
    </ClInclude>
    <ClInclude Include="dependencies\sol\include\sol\stack_check_unqualified.hpp">
      <Filter>Header Files</Filter>
    </ClInclude>
    <ClInclude Include="dependencies\sol\include\sol\stack_core.hpp">
      <Filter>Header Files</Filter>
    </ClInclude>
    <ClInclude Include="dependencies\sol\include\sol\stack_field.hpp">
      <Filter>Header Files</Filter>
    </ClInclude>
    <ClInclude Include="dependencies\sol\include\sol\stack_get.hpp">
      <Filter>Header Files</Filter>
    </ClInclude>
    <ClInclude Include="dependencies\sol\include\sol\stack_get_qualified.hpp">
      <Filter>Header Files</Filter>
    </ClInclude>
    <ClInclude Include="dependencies\sol\include\sol\stack_get_unqualified.hpp">
      <Filter>Header Files</Filter>
    </ClInclude>
    <ClInclude Include="dependencies\sol\include\sol\stack_guard.hpp">
      <Filter>Header Files</Filter>
    </ClInclude>
    <ClInclude Include="dependencies\sol\include\sol\stack_iterator.hpp">
      <Filter>Header Files</Filter>
    </ClInclude>
    <ClInclude Include="dependencies\sol\include\sol\stack_pop.hpp">
      <Filter>Header Files</Filter>
    </ClInclude>
    <ClInclude Include="dependencies\sol\include\sol\stack_probe.hpp">
      <Filter>Header Files</Filter>
    </ClInclude>
    <ClInclude Include="dependencies\sol\include\sol\stack_proxy.hpp">
      <Filter>Header Files</Filter>
    </ClInclude>
    <ClInclude Include="dependencies\sol\include\sol\stack_proxy_base.hpp">
      <Filter>Header Files</Filter>
    </ClInclude>
    <ClInclude Include="dependencies\sol\include\sol\stack_push.hpp">
      <Filter>Header Files</Filter>
    </ClInclude>
    <ClInclude Include="dependencies\sol\include\sol\stack_reference.hpp">
      <Filter>Header Files</Filter>
    </ClInclude>
    <ClInclude Include="dependencies\sol\include\sol\state.hpp">
      <Filter>Header Files</Filter>
    </ClInclude>
    <ClInclude Include="dependencies\sol\include\sol\state_handling.hpp">
      <Filter>Header Files</Filter>
    </ClInclude>
    <ClInclude Include="dependencies\sol\include\sol\state_view.hpp">
      <Filter>Header Files</Filter>
    </ClInclude>
    <ClInclude Include="dependencies\sol\include\sol\string_view.hpp">
      <Filter>Header Files</Filter>
    </ClInclude>
    <ClInclude Include="dependencies\sol\include\sol\table.hpp">
      <Filter>Header Files</Filter>
    </ClInclude>
    <ClInclude Include="dependencies\sol\include\sol\table_core.hpp">
      <Filter>Header Files</Filter>
    </ClInclude>
    <ClInclude Include="dependencies\sol\include\sol\table_iterator.hpp">
      <Filter>Header Files</Filter>
    </ClInclude>
    <ClInclude Include="dependencies\sol\include\sol\table_proxy.hpp">
      <Filter>Header Files</Filter>
    </ClInclude>
    <ClInclude Include="dependencies\sol\include\sol\thread.hpp">
      <Filter>Header Files</Filter>
    </ClInclude>
    <ClInclude Include="dependencies\sol\include\sol\tie.hpp">
      <Filter>Header Files</Filter>
    </ClInclude>
    <ClInclude Include="dependencies\sol\include\sol\traits.hpp">
      <Filter>Header Files</Filter>
    </ClInclude>
    <ClInclude Include="dependencies\sol\include\sol\trampoline.hpp">
      <Filter>Header Files</Filter>
    </ClInclude>
    <ClInclude Include="dependencies\sol\include\sol\tuple.hpp">
      <Filter>Header Files</Filter>
    </ClInclude>
    <ClInclude Include="dependencies\sol\include\sol\types.hpp">
      <Filter>Header Files</Filter>
    </ClInclude>
    <ClInclude Include="dependencies\sol\include\sol\unicode.hpp">
      <Filter>Header Files</Filter>
    </ClInclude>
    <ClInclude Include="dependencies\sol\include\sol\unique_usertype_traits.hpp">
      <Filter>Header Files</Filter>
    </ClInclude>
    <ClInclude Include="dependencies\sol\include\sol\unsafe_function.hpp">
      <Filter>Header Files</Filter>
    </ClInclude>
    <ClInclude Include="dependencies\sol\include\sol\unsafe_function_result.hpp">
      <Filter>Header Files</Filter>
    </ClInclude>
    <ClInclude Include="dependencies\sol\include\sol\userdata.hpp">
      <Filter>Header Files</Filter>
    </ClInclude>
    <ClInclude Include="dependencies\sol\include\sol\usertype.hpp">
      <Filter>Header Files</Filter>
    </ClInclude>
    <ClInclude Include="dependencies\sol\include\sol\usertype_container.hpp">
      <Filter>Header Files</Filter>
    </ClInclude>
    <ClInclude Include="dependencies\sol\include\sol\usertype_container_launch.hpp">
      <Filter>Header Files</Filter>
    </ClInclude>
    <ClInclude Include="dependencies\sol\include\sol\usertype_core.hpp">
      <Filter>Header Files</Filter>
    </ClInclude>
    <ClInclude Include="dependencies\sol\include\sol\usertype_proxy.hpp">
      <Filter>Header Files</Filter>
    </ClInclude>
    <ClInclude Include="dependencies\sol\include\sol\usertype_storage.hpp">
      <Filter>Header Files</Filter>
    </ClInclude>
    <ClInclude Include="dependencies\sol\include\sol\usertype_traits.hpp">
      <Filter>Header Files</Filter>
    </ClInclude>
    <ClInclude Include="dependencies\sol\include\sol\variadic_args.hpp">
      <Filter>Header Files</Filter>
    </ClInclude>
    <ClInclude Include="dependencies\sol\include\sol\variadic_results.hpp">
      <Filter>Header Files</Filter>
    </ClInclude>
    <ClInclude Include="dependencies\sol\include\sol\version.hpp">
      <Filter>Header Files</Filter>
    </ClInclude>
    <ClInclude Include="dependencies\sol\include\sol\wrapper.hpp">
      <Filter>Header Files</Filter>
    </ClInclude>
    <ClInclude Include="dependencies\xorstr\include\xorstr\xorstr.hpp">
      <Filter>Header Files</Filter>
    </ClInclude>
    <ClInclude Include="dependencies\zstd\include\zstd\xxhash.h">
      <Filter>Header Files</Filter>
    </ClInclude>
    <ClInclude Include="dependencies\zstd\include\zstd\zstd.h">
      <Filter>Header Files</Filter>
    </ClInclude>
    <ClInclude Include="dependencies\luau\Ast\include\Luau\Allocator.h">
      <Filter>Header Files</Filter>
    </ClInclude>
    <ClInclude Include="dependencies\luau\Ast\include\Luau\Ast.h">
      <Filter>Header Files</Filter>
    </ClInclude>
    <ClInclude Include="dependencies\luau\Ast\include\Luau\Confusables.h">
      <Filter>Header Files</Filter>
    </ClInclude>
    <ClInclude Include="dependencies\luau\Ast\include\Luau\Cst.h">
      <Filter>Header Files</Filter>
    </ClInclude>
    <ClInclude Include="dependencies\luau\Ast\include\Luau\Lexer.h">
      <Filter>Header Files</Filter>
    </ClInclude>
    <ClInclude Include="dependencies\luau\Ast\include\Luau\Location.h">
      <Filter>Header Files</Filter>
    </ClInclude>
    <ClInclude Include="dependencies\luau\Ast\include\Luau\ParseOptions.h">
      <Filter>Header Files</Filter>
    </ClInclude>
    <ClInclude Include="dependencies\luau\Ast\include\Luau\Parser.h">
      <Filter>Header Files</Filter>
    </ClInclude>
    <ClInclude Include="dependencies\luau\Ast\include\Luau\ParseResult.h">
      <Filter>Header Files</Filter>
    </ClInclude>
    <ClInclude Include="dependencies\luau\Ast\include\Luau\PrettyPrinter.h">
      <Filter>Header Files</Filter>
    </ClInclude>
    <ClInclude Include="dependencies\luau\Bytecode\include\Luau\BytecodeBuilder.h">
      <Filter>Header Files</Filter>
    </ClInclude>
    <ClInclude Include="dependencies\luau\Bytecode\include\Luau\BytecodeCallInliner.h">
      <Filter>Header Files</Filter>
    </ClInclude>
    <ClInclude Include="dependencies\luau\Bytecode\include\Luau\BytecodeGraph.h">
      <Filter>Header Files</Filter>
    </ClInclude>
    <ClInclude Include="dependencies\luau\Bytecode\include\Luau\BytecodeOps.h">
      <Filter>Header Files</Filter>
    </ClInclude>
    <ClInclude Include="dependencies\luau\Bytecode\src\BytecodeGraphParser.h">
      <Filter>Header Files</Filter>
    </ClInclude>
    <ClInclude Include="dependencies\luau\Bytecode\src\BytecodeGraphSerializer.h">
      <Filter>Header Files</Filter>
    </ClInclude>
    <ClInclude Include="dependencies\luau\Common\include\Luau\Bytecode.h">
      <Filter>Header Files</Filter>
    </ClInclude>
    <ClInclude Include="dependencies\luau\Common\include\Luau\BytecodeUtils.h">
      <Filter>Header Files</Filter>
    </ClInclude>
    <ClInclude Include="dependencies\luau\Common\include\Luau\BytecodeWire.h">
      <Filter>Header Files</Filter>
    </ClInclude>
    <ClInclude Include="dependencies\luau\Common\include\Luau\Common.h">
      <Filter>Header Files</Filter>
    </ClInclude>
    <ClInclude Include="dependencies\luau\Common\include\Luau\DenseHash.h">
      <Filter>Header Files</Filter>
    </ClInclude>
    <ClInclude Include="dependencies\luau\Common\include\Luau\ExperimentalFlags.h">
      <Filter>Header Files</Filter>
    </ClInclude>
    <ClInclude Include="dependencies\luau\Common\include\Luau\HashUtil.h">
      <Filter>Header Files</Filter>
    </ClInclude>
    <ClInclude Include="dependencies\luau\Common\include\Luau\InsertionOrderedMap.h">
      <Filter>Header Files</Filter>
    </ClInclude>
    <ClInclude Include="dependencies\luau\Common\include\Luau\ScopedSeenSet.h">
      <Filter>Header Files</Filter>
    </ClInclude>
    <ClInclude Include="dependencies\luau\Common\include\Luau\SmallVector.h">
      <Filter>Header Files</Filter>
    </ClInclude>
    <ClInclude Include="dependencies\luau\Common\include\Luau\StringUtils.h">
      <Filter>Header Files</Filter>
    </ClInclude>
    <ClInclude Include="dependencies\luau\Common\include\Luau\TimeTrace.h">
      <Filter>Header Files</Filter>
    </ClInclude>
    <ClInclude Include="dependencies\luau\Common\include\Luau\Variant.h">
      <Filter>Header Files</Filter>
    </ClInclude>
    <ClInclude Include="dependencies\luau\Common\include\Luau\VecDeque.h">
      <Filter>Header Files</Filter>
    </ClInclude>
    <ClInclude Include="dependencies\luau\Compiler\include\Luau\Compiler.h">
      <Filter>Header Files</Filter>
    </ClInclude>
    <ClInclude Include="dependencies\luau\Compiler\include\luacode.h">
      <Filter>Header Files</Filter>
    </ClInclude>
    <ClInclude Include="dependencies\luau\Compiler\src\BuiltinFolding.h">
      <Filter>Header Files</Filter>
    </ClInclude>
    <ClInclude Include="dependencies\luau\Compiler\src\Builtins.h">
      <Filter>Header Files</Filter>
    </ClInclude>
    <ClInclude Include="dependencies\luau\Compiler\src\ConstantFolding.h">
      <Filter>Header Files</Filter>
    </ClInclude>
    <ClInclude Include="dependencies\luau\Compiler\src\CostModel.h">
      <Filter>Header Files</Filter>
    </ClInclude>
    <ClInclude Include="dependencies\luau\Compiler\src\TableShape.h">
      <Filter>Header Files</Filter>
    </ClInclude>
    <ClInclude Include="dependencies\luau\Compiler\src\Types.h">
      <Filter>Header Files</Filter>
    </ClInclude>
    <ClInclude Include="dependencies\luau\Compiler\src\Utils.h">
      <Filter>Header Files</Filter>
    </ClInclude>
    <ClInclude Include="dependencies\luau\Compiler\src\ValueTracking.h">
      <Filter>Header Files</Filter>
    </ClInclude>
    <ClInclude Include="dependencies\luau\VM\include\lua.h">
      <Filter>Header Files</Filter>
    </ClInclude>
    <ClInclude Include="dependencies\luau\VM\include\luaconf.h">
      <Filter>Header Files</Filter>
    </ClInclude>
    <ClInclude Include="dependencies\luau\VM\include\lualib.h">
      <Filter>Header Files</Filter>
    </ClInclude>
    <ClInclude Include="dependencies\luau\VM\src\lapi.h">
      <Filter>Header Files</Filter>
    </ClInclude>
    <ClInclude Include="dependencies\luau\VM\src\lbuffer.h">
      <Filter>Header Files</Filter>
    </ClInclude>
    <ClInclude Include="dependencies\luau\VM\src\lbuiltins.h">
      <Filter>Header Files</Filter>
    </ClInclude>
    <ClInclude Include="dependencies\luau\VM\src\lbytecode.h">
      <Filter>Header Files</Filter>
    </ClInclude>
    <ClInclude Include="dependencies\luau\VM\src\lclass.h">
      <Filter>Header Files</Filter>
    </ClInclude>
    <ClInclude Include="dependencies\luau\VM\src\lcommon.h">
      <Filter>Header Files</Filter>
    </ClInclude>
    <ClInclude Include="dependencies\luau\VM\src\ldebug.h">
      <Filter>Header Files</Filter>
    </ClInclude>
    <ClInclude Include="dependencies\luau\VM\src\ldo.h">
      <Filter>Header Files</Filter>
    </ClInclude>
    <ClInclude Include="dependencies\luau\VM\src\lfunc.h">
      <Filter>Header Files</Filter>
    </ClInclude>
    <ClInclude Include="dependencies\luau\VM\src\lgc.h">
      <Filter>Header Files</Filter>
    </ClInclude>
    <ClInclude Include="dependencies\luau\VM\src\lmem.h">
      <Filter>Header Files</Filter>
    </ClInclude>
    <ClInclude Include="dependencies\luau\VM\src\lnumutils.h">
      <Filter>Header Files</Filter>
    </ClInclude>
    <ClInclude Include="dependencies\luau\VM\src\lobject.h">
      <Filter>Header Files</Filter>
    </ClInclude>
    <ClInclude Include="dependencies\luau\VM\src\lstate.h">
      <Filter>Header Files</Filter>
    </ClInclude>
    <ClInclude Include="dependencies\luau\VM\src\lstring.h">
      <Filter>Header Files</Filter>
    </ClInclude>
    <ClInclude Include="dependencies\luau\VM\src\ltable.h">
      <Filter>Header Files</Filter>
    </ClInclude>
    <ClInclude Include="dependencies\luau\VM\src\ltm.h">
      <Filter>Header Files</Filter>
    </ClInclude>
    <ClInclude Include="dependencies\luau\VM\src\ludata.h">
      <Filter>Header Files</Filter>
    </ClInclude>
    <ClInclude Include="dependencies\luau\VM\src\lvm.h">
      <Filter>Header Files</Filter>
    </ClInclude>
    <ClInclude Include="src\core\framework\environment\libraries\http\http.h">
      <Filter>Header Files</Filter>
    </ClInclude>
    <ClInclude Include="src\core\framework\environment\libraries\miscellaneous\miscellaneous.h">
      <Filter>Header Files</Filter>
    </ClInclude>
    <ClInclude Include="src\core\framework\environment\libraries\scripts\scripts.h">
      <Filter>Header Files</Filter>
    </ClInclude>
    <ClInclude Include="src\core\framework\environment\hooks\hooks.h">
      <Filter>Header Files</Filter>
    </ClInclude>
    <ClInclude Include="src\core\framework\environment\libraries\closure\closure.h">
      <Filter>Header Files</Filter>
    </ClInclude>
    <ClInclude Include="src\miscellaneous\managers\datamodel\datamodel.h">
      <Filter>Header Files</Filter>
    </ClInclude>
    <ClInclude Include="src\miscellaneous\managers\datamodel\script_context\script_context.h">
      <Filter>Header Files</Filter>
    </ClInclude>
    <ClInclude Include="src\miscellaneous\managers\jobs\jobs.h">
      <Filter>Header Files</Filter>
    </ClInclude>
    <ClInclude Include="dependencies\cpp-httplib\httplib.h">
      <Filter>Header Files</Filter>
    </ClInclude>
    <ClInclude Include="dependencies\mbedtls\include\mbedtls\aes.h">
      <Filter>Header Files</Filter>
    </ClInclude>
    <ClInclude Include="dependencies\mbedtls\include\mbedtls\aria.h">
      <Filter>Header Files</Filter>
    </ClInclude>
    <ClInclude Include="dependencies\mbedtls\include\mbedtls\asn1.h">
      <Filter>Header Files</Filter>
    </ClInclude>
    <ClInclude Include="dependencies\mbedtls\include\mbedtls\asn1write.h">
      <Filter>Header Files</Filter>
    </ClInclude>
    <ClInclude Include="dependencies\mbedtls\include\mbedtls\base64.h">
      <Filter>Header Files</Filter>
    </ClInclude>
    <ClInclude Include="dependencies\mbedtls\include\mbedtls\bignum.h">
      <Filter>Header Files</Filter>
    </ClInclude>
    <ClInclude Include="dependencies\mbedtls\include\mbedtls\block_cipher.h">
      <Filter>Header Files</Filter>
    </ClInclude>
    <ClInclude Include="dependencies\mbedtls\include\mbedtls\build_info.h">
      <Filter>Header Files</Filter>
    </ClInclude>
    <ClInclude Include="dependencies\mbedtls\include\mbedtls\camellia.h">
      <Filter>Header Files</Filter>
    </ClInclude>
    <ClInclude Include="dependencies\mbedtls\include\mbedtls\ccm.h">
      <Filter>Header Files</Filter>
    </ClInclude>
    <ClInclude Include="dependencies\mbedtls\include\mbedtls\chacha20.h">
      <Filter>Header Files</Filter>
    </ClInclude>
    <ClInclude Include="dependencies\mbedtls\include\mbedtls\chachapoly.h">
      <Filter>Header Files</Filter>
    </ClInclude>
    <ClInclude Include="dependencies\mbedtls\include\mbedtls\check_config.h">
      <Filter>Header Files</Filter>
    </ClInclude>
    <ClInclude Include="dependencies\mbedtls\include\mbedtls\cipher.h">
      <Filter>Header Files</Filter>
    </ClInclude>
    <ClInclude Include="dependencies\mbedtls\include\mbedtls\cmac.h">
      <Filter>Header Files</Filter>
    </ClInclude>
    <ClInclude Include="dependencies\mbedtls\include\mbedtls\compat-2.x.h">
      <Filter>Header Files</Filter>
    </ClInclude>
    <ClInclude Include="dependencies\mbedtls\include\mbedtls\config_adjust_legacy_crypto.h">
      <Filter>Header Files</Filter>
    </ClInclude>
    <ClInclude Include="dependencies\mbedtls\include\mbedtls\config_adjust_legacy_from_psa.h">
      <Filter>Header Files</Filter>
    </ClInclude>
    <ClInclude Include="dependencies\mbedtls\include\mbedtls\config_adjust_psa_from_legacy.h">
      <Filter>Header Files</Filter>
    </ClInclude>
    <ClInclude Include="dependencies\mbedtls\include\mbedtls\config_adjust_psa_superset_legacy.h">
      <Filter>Header Files</Filter>
    </ClInclude>
    <ClInclude Include="dependencies\mbedtls\include\mbedtls\config_adjust_ssl.h">
      <Filter>Header Files</Filter>
    </ClInclude>
    <ClInclude Include="dependencies\mbedtls\include\mbedtls\config_adjust_x509.h">
      <Filter>Header Files</Filter>
    </ClInclude>
    <ClInclude Include="dependencies\mbedtls\include\mbedtls\config_psa.h">
      <Filter>Header Files</Filter>
    </ClInclude>
    <ClInclude Include="dependencies\mbedtls\include\mbedtls\constant_time.h">
      <Filter>Header Files</Filter>
    </ClInclude>
    <ClInclude Include="dependencies\mbedtls\include\mbedtls\ctr_drbg.h">
      <Filter>Header Files</Filter>
    </ClInclude>
    <ClInclude Include="dependencies\mbedtls\include\mbedtls\debug.h">
      <Filter>Header Files</Filter>
    </ClInclude>
    <ClInclude Include="dependencies\mbedtls\include\mbedtls\des.h">
      <Filter>Header Files</Filter>
    </ClInclude>
    <ClInclude Include="dependencies\mbedtls\include\mbedtls\dhm.h">
      <Filter>Header Files</Filter>
    </ClInclude>
    <ClInclude Include="dependencies\mbedtls\include\mbedtls\ecdh.h">
      <Filter>Header Files</Filter>
    </ClInclude>
    <ClInclude Include="dependencies\mbedtls\include\mbedtls\ecdsa.h">
      <Filter>Header Files</Filter>
    </ClInclude>
    <ClInclude Include="dependencies\mbedtls\include\mbedtls\ecjpake.h">
      <Filter>Header Files</Filter>
    </ClInclude>
    <ClInclude Include="dependencies\mbedtls\include\mbedtls\ecp.h">
      <Filter>Header Files</Filter>
    </ClInclude>
    <ClInclude Include="dependencies\mbedtls\include\mbedtls\entropy.h">
      <Filter>Header Files</Filter>
    </ClInclude>
    <ClInclude Include="dependencies\mbedtls\include\mbedtls\error.h">
      <Filter>Header Files</Filter>
    </ClInclude>
    <ClInclude Include="dependencies\mbedtls\include\mbedtls\gcm.h">
      <Filter>Header Files</Filter>
    </ClInclude>
    <ClInclude Include="dependencies\mbedtls\include\mbedtls\hkdf.h">
      <Filter>Header Files</Filter>
    </ClInclude>
    <ClInclude Include="dependencies\mbedtls\include\mbedtls\hmac_drbg.h">
      <Filter>Header Files</Filter>
    </ClInclude>
    <ClInclude Include="dependencies\mbedtls\include\mbedtls\lms.h">
      <Filter>Header Files</Filter>
    </ClInclude>
    <ClInclude Include="dependencies\mbedtls\include\mbedtls\mbedtls_config.h">
      <Filter>Header Files</Filter>
    </ClInclude>
    <ClInclude Include="dependencies\mbedtls\include\mbedtls\md.h">
      <Filter>Header Files</Filter>
    </ClInclude>
    <ClInclude Include="dependencies\mbedtls\include\mbedtls\md5.h">
      <Filter>Header Files</Filter>
    </ClInclude>
    <ClInclude Include="dependencies\mbedtls\include\mbedtls\memory_buffer_alloc.h">
      <Filter>Header Files</Filter>
    </ClInclude>
    <ClInclude Include="dependencies\mbedtls\include\mbedtls\net_sockets.h">
      <Filter>Header Files</Filter>
    </ClInclude>
    <ClInclude Include="dependencies\mbedtls\include\mbedtls\nist_kw.h">
      <Filter>Header Files</Filter>
    </ClInclude>
    <ClInclude Include="dependencies\mbedtls\include\mbedtls\oid.h">
      <Filter>Header Files</Filter>
    </ClInclude>
    <ClInclude Include="dependencies\mbedtls\include\mbedtls\pem.h">
      <Filter>Header Files</Filter>
    </ClInclude>
    <ClInclude Include="dependencies\mbedtls\include\mbedtls\pk.h">
      <Filter>Header Files</Filter>
    </ClInclude>
    <ClInclude Include="dependencies\mbedtls\include\mbedtls\pkcs5.h">
      <Filter>Header Files</Filter>
    </ClInclude>
    <ClInclude Include="dependencies\mbedtls\include\mbedtls\pkcs7.h">
      <Filter>Header Files</Filter>
    </ClInclude>
    <ClInclude Include="dependencies\mbedtls\include\mbedtls\pkcs12.h">
      <Filter>Header Files</Filter>
    </ClInclude>
    <ClInclude Include="dependencies\mbedtls\include\mbedtls\platform.h">
      <Filter>Header Files</Filter>
    </ClInclude>
    <ClInclude Include="dependencies\mbedtls\include\mbedtls\platform_time.h">
      <Filter>Header Files</Filter>
    </ClInclude>
    <ClInclude Include="dependencies\mbedtls\include\mbedtls\platform_util.h">
      <Filter>Header Files</Filter>
    </ClInclude>
    <ClInclude Include="dependencies\mbedtls\include\mbedtls\poly1305.h">
      <Filter>Header Files</Filter>
    </ClInclude>
    <ClInclude Include="dependencies\mbedtls\include\mbedtls\private_access.h">
      <Filter>Header Files</Filter>
    </ClInclude>
    <ClInclude Include="dependencies\mbedtls\include\mbedtls\psa_util.h">
      <Filter>Header Files</Filter>
    </ClInclude>
    <ClInclude Include="dependencies\mbedtls\include\mbedtls\ripemd160.h">
      <Filter>Header Files</Filter>
    </ClInclude>
    <ClInclude Include="dependencies\mbedtls\include\mbedtls\rsa.h">
      <Filter>Header Files</Filter>
    </ClInclude>
    <ClInclude Include="dependencies\mbedtls\include\mbedtls\sha1.h">
      <Filter>Header Files</Filter>
    </ClInclude>
    <ClInclude Include="dependencies\mbedtls\include\mbedtls\sha3.h">
      <Filter>Header Files</Filter>
    </ClInclude>
    <ClInclude Include="dependencies\mbedtls\include\mbedtls\sha256.h">
      <Filter>Header Files</Filter>
    </ClInclude>
    <ClInclude Include="dependencies\mbedtls\include\mbedtls\sha512.h">
      <Filter>Header Files</Filter>
    </ClInclude>
    <ClInclude Include="dependencies\mbedtls\include\mbedtls\ssl.h">
      <Filter>Header Files</Filter>
    </ClInclude>
    <ClInclude Include="dependencies\mbedtls\include\mbedtls\ssl_cache.h">
      <Filter>Header Files</Filter>
    </ClInclude>
    <ClInclude Include="dependencies\mbedtls\include\mbedtls\ssl_ciphersuites.h">
      <Filter>Header Files</Filter>
    </ClInclude>
    <ClInclude Include="dependencies\mbedtls\include\mbedtls\ssl_cookie.h">
      <Filter>Header Files</Filter>
    </ClInclude>
    <ClInclude Include="dependencies\mbedtls\include\mbedtls\ssl_ticket.h">
      <Filter>Header Files</Filter>
    </ClInclude>
    <ClInclude Include="dependencies\mbedtls\include\mbedtls\threading.h">
      <Filter>Header Files</Filter>
    </ClInclude>
    <ClInclude Include="dependencies\mbedtls\include\mbedtls\timing.h">
      <Filter>Header Files</Filter>
    </ClInclude>
    <ClInclude Include="dependencies\mbedtls\include\mbedtls\version.h">
      <Filter>Header Files</Filter>
    </ClInclude>
    <ClInclude Include="dependencies\mbedtls\include\mbedtls\x509.h">
      <Filter>Header Files</Filter>
    </ClInclude>
    <ClInclude Include="dependencies\mbedtls\include\mbedtls\x509_crl.h">
      <Filter>Header Files</Filter>
    </ClInclude>
    <ClInclude Include="dependencies\mbedtls\include\mbedtls\x509_crt.h">
      <Filter>Header Files</Filter>
    </ClInclude>
    <ClInclude Include="dependencies\mbedtls\include\mbedtls\x509_csr.h">
      <Filter>Header Files</Filter>
    </ClInclude>
    <ClInclude Include="dependencies\psa\include\psa\build_info.h">
      <Filter>Header Files</Filter>
    </ClInclude>
    <ClInclude Include="dependencies\psa\include\psa\crypto.h">
      <Filter>Header Files</Filter>
    </ClInclude>
    <ClInclude Include="dependencies\psa\include\psa\crypto_adjust_auto_enabled.h">
      <Filter>Header Files</Filter>
    </ClInclude>
    <ClInclude Include="dependencies\psa\include\psa\crypto_adjust_config_dependencies.h">
      <Filter>Header Files</Filter>
    </ClInclude>
    <ClInclude Include="dependencies\psa\include\psa\crypto_adjust_config_key_pair_types.h">
      <Filter>Header Files</Filter>
    </ClInclude>
    <ClInclude Include="dependencies\psa\include\psa\crypto_adjust_config_synonyms.h">
      <Filter>Header Files</Filter>
    </ClInclude>
    <ClInclude Include="dependencies\psa\include\psa\crypto_builtin_composites.h">
      <Filter>Header Files</Filter>
    </ClInclude>
    <ClInclude Include="dependencies\psa\include\psa\crypto_builtin_key_derivation.h">
      <Filter>Header Files</Filter>
    </ClInclude>
    <ClInclude Include="dependencies\psa\include\psa\crypto_builtin_primitives.h">
      <Filter>Header Files</Filter>
    </ClInclude>
    <ClInclude Include="dependencies\psa\include\psa\crypto_compat.h">
      <Filter>Header Files</Filter>
    </ClInclude>
    <ClInclude Include="dependencies\psa\include\psa\crypto_config.h">
      <Filter>Header Files</Filter>
    </ClInclude>
    <ClInclude Include="dependencies\psa\include\psa\crypto_driver_common.h">
      <Filter>Header Files</Filter>
    </ClInclude>
    <ClInclude Include="dependencies\psa\include\psa\crypto_driver_contexts_composites.h">
      <Filter>Header Files</Filter>
    </ClInclude>
    <ClInclude Include="dependencies\psa\include\psa\crypto_driver_contexts_key_derivation.h">
      <Filter>Header Files</Filter>
    </ClInclude>
    <ClInclude Include="dependencies\psa\include\psa\crypto_driver_contexts_primitives.h">
      <Filter>Header Files</Filter>
    </ClInclude>
    <ClInclude Include="dependencies\psa\include\psa\crypto_extra.h">
      <Filter>Header Files</Filter>
    </ClInclude>
    <ClInclude Include="dependencies\psa\include\psa\crypto_legacy.h">
      <Filter>Header Files</Filter>
    </ClInclude>
    <ClInclude Include="dependencies\psa\include\psa\crypto_platform.h">
      <Filter>Header Files</Filter>
    </ClInclude>
    <ClInclude Include="dependencies\psa\include\psa\crypto_se_driver.h">
      <Filter>Header Files</Filter>
    </ClInclude>
    <ClInclude Include="dependencies\psa\include\psa\crypto_sizes.h">
      <Filter>Header Files</Filter>
    </ClInclude>
    <ClInclude Include="dependencies\psa\include\psa\crypto_struct.h">
      <Filter>Header Files</Filter>
    </ClInclude>
    <ClInclude Include="dependencies\psa\include\psa\crypto_types.h">
      <Filter>Header Files</Filter>
    </ClInclude>
    <ClInclude Include="dependencies\psa\include\psa\crypto_values.h">
      <Filter>Header Files</Filter>
    </ClInclude>
  </ItemGroup>
</Project>
